
Microsoft Visual Studio Solution File, Format Version 12.00
Project("{FAE04EC0-301F-11D3-BF4B-00C04F79EFBC}") = "Lagerstyringssystem", "Lagerstyringssystem\Lagerstyringssystem.csproj", "{A3AEB290-4543-4552-BF61-7AEB4C95A6F1}"
EndProject
Global
	GlobalSection(SolutionConfigurationPlatforms) = preSolution
		Debug|Any CPU = Debug|Any CPU
		Release|Any CPU = Release|Any CPU
	EndGlobalSection
	GlobalSection(ProjectConfigurationPlatforms) = postSolution
		{A3AEB290-4543-4552-BF61-7AEB4C95A6F1}.Debug|Any CPU.ActiveCfg = Debug|Any CPU
		{A3AEB290-4543-4552-BF61-7AEB4C95A6F1}.Debug|Any CPU.Build.0 = Debug|Any CPU
		{A3AEB290-4543-4552-BF61-7AEB4C95A6F1}.Release|Any CPU.ActiveCfg = Release|Any CPU
		{A3AEB290-4543-4552-BF61-7AEB4C95A6F1}.Release|Any CPU.Build.0 = Release|Any CPU
	EndGlobalSection
EndGlobal
