
Microsoft Visual Studio Solution File, Format Version 12.00
Project("{FAE04EC0-301F-11D3-BF4B-00C04F79EFBC}") = "ObjectsAndEnums", "ObjectsAndEnums.csproj", "{987031C2-BDA2-4A1D-941F-DCB9C06DD053}"
EndProject
Global
	GlobalSection(SolutionConfigurationPlatforms) = preSolution
		Debug|Any CPU = Debug|Any CPU
		Release|Any CPU = Release|Any CPU
	EndGlobalSection
	GlobalSection(ProjectConfigurationPlatforms) = postSolution
		{987031C2-BDA2-4A1D-941F-DCB9C06DD053}.Debug|Any CPU.ActiveCfg = Debug|Any CPU
		{987031C2-BDA2-4A1D-941F-DCB9C06DD053}.Debug|Any CPU.Build.0 = Debug|Any CPU
		{987031C2-BDA2-4A1D-941F-DCB9C06DD053}.Release|Any CPU.ActiveCfg = Release|Any CPU
		{987031C2-BDA2-4A1D-941F-DCB9C06DD053}.Release|Any CPU.Build.0 = Release|Any CPU
	EndGlobalSection
EndGlobal
