
Microsoft Visual Studio Solution File, Format Version 12.00
Project("{FAE04EC0-301F-11D3-BF4B-00C04F79EFBC}") = "ListerMarie", "ListerMarie\ListerMarie.csproj", "{D71EA117-6D8A-4AA2-8E28-79AED619907F}"
EndProject
Global
	GlobalSection(SolutionConfigurationPlatforms) = preSolution
		Debug|Any CPU = Debug|Any CPU
		Release|Any CPU = Release|Any CPU
	EndGlobalSection
	GlobalSection(ProjectConfigurationPlatforms) = postSolution
		{D71EA117-6D8A-4AA2-8E28-79AED619907F}.Debug|Any CPU.ActiveCfg = Debug|Any CPU
		{D71EA117-6D8A-4AA2-8E28-79AED619907F}.Debug|Any CPU.Build.0 = Debug|Any CPU
		{D71EA117-6D8A-4AA2-8E28-79AED619907F}.Release|Any CPU.ActiveCfg = Release|Any CPU
		{D71EA117-6D8A-4AA2-8E28-79AED619907F}.Release|Any CPU.Build.0 = Release|Any CPU
	EndGlobalSection
EndGlobal
