
Microsoft Visual Studio Solution File, Format Version 12.00
Project("{FAE04EC0-301F-11D3-BF4B-00C04F79EFBC}") = "DependencyInversionPrinciple", "DependencyInversionPrinciple\DependencyInversionPrinciple.csproj", "{D42BF79A-EB9A-4B1E-A7A8-E0C83D3CD844}"
EndProject
Project("{FAE04EC0-301F-11D3-BF4B-00C04F79EFBC}") = "DIP.ChatServer", "DIP.ChatServer\DIP.ChatServer.csproj", "{DA3954AF-D3E2-4B05-B579-AFCF6540F1EF}"
EndProject
Global
	GlobalSection(SolutionConfigurationPlatforms) = preSolution
		Debug|Any CPU = Debug|Any CPU
		Release|Any CPU = Release|Any CPU
	EndGlobalSection
	GlobalSection(ProjectConfigurationPlatforms) = postSolution
		{D42BF79A-EB9A-4B1E-A7A8-E0C83D3CD844}.Debug|Any CPU.ActiveCfg = Debug|Any CPU
		{D42BF79A-EB9A-4B1E-A7A8-E0C83D3CD844}.Debug|Any CPU.Build.0 = Debug|Any CPU
		{D42BF79A-EB9A-4B1E-A7A8-E0C83D3CD844}.Release|Any CPU.ActiveCfg = Release|Any CPU
		{D42BF79A-EB9A-4B1E-A7A8-E0C83D3CD844}.Release|Any CPU.Build.0 = Release|Any CPU
		{DA3954AF-D3E2-4B05-B579-AFCF6540F1EF}.Debug|Any CPU.ActiveCfg = Debug|Any CPU
		{DA3954AF-D3E2-4B05-B579-AFCF6540F1EF}.Debug|Any CPU.Build.0 = Debug|Any CPU
		{DA3954AF-D3E2-4B05-B579-AFCF6540F1EF}.Release|Any CPU.ActiveCfg = Release|Any CPU
		{DA3954AF-D3E2-4B05-B579-AFCF6540F1EF}.Release|Any CPU.Build.0 = Release|Any CPU
	EndGlobalSection
EndGlobal
