
Microsoft Visual Studio Solution File, Format Version 12.00
Project("{FAE04EC0-301F-11D3-BF4B-00C04F79EFBC}") = "StaticogIkkestatic", "StaticogIkkestatic\StaticogIkkestatic.csproj", "{DAE6A06C-254F-4390-A8B1-648D908E01A5}"
EndProject
Global
	GlobalSection(SolutionConfigurationPlatforms) = preSolution
		Debug|Any CPU = Debug|Any CPU
		Release|Any CPU = Release|Any CPU
	EndGlobalSection
	GlobalSection(ProjectConfigurationPlatforms) = postSolution
		{DAE6A06C-254F-4390-A8B1-648D908E01A5}.Debug|Any CPU.ActiveCfg = Debug|Any CPU
		{DAE6A06C-254F-4390-A8B1-648D908E01A5}.Debug|Any CPU.Build.0 = Debug|Any CPU
		{DAE6A06C-254F-4390-A8B1-648D908E01A5}.Release|Any CPU.ActiveCfg = Release|Any CPU
		{DAE6A06C-254F-4390-A8B1-648D908E01A5}.Release|Any CPU.Build.0 = Release|Any CPU
	EndGlobalSection
EndGlobal
