
Microsoft Visual Studio Solution File, Format Version 12.00
Project("{FAE04EC0-301F-11D3-BF4B-00C04F79EFBC}") = "Loops", "Loops\Loops.csproj", "{D268AFC9-15B1-49B4-89D0-F59F0B7FF5EF}"
EndProject
Global
	GlobalSection(SolutionConfigurationPlatforms) = preSolution
		Debug|Any CPU = Debug|Any CPU
		Release|Any CPU = Release|Any CPU
	EndGlobalSection
	GlobalSection(ProjectConfigurationPlatforms) = postSolution
		{D268AFC9-15B1-49B4-89D0-F59F0B7FF5EF}.Debug|Any CPU.ActiveCfg = Debug|Any CPU
		{D268AFC9-15B1-49B4-89D0-F59F0B7FF5EF}.Debug|Any CPU.Build.0 = Debug|Any CPU
		{D268AFC9-15B1-49B4-89D0-F59F0B7FF5EF}.Release|Any CPU.ActiveCfg = Release|Any CPU
		{D268AFC9-15B1-49B4-89D0-F59F0B7FF5EF}.Release|Any CPU.Build.0 = Release|Any CPU
	EndGlobalSection
EndGlobal
